
Microsoft Visual Studio Solution File, Format Version 12.00
# Visual Studio Version 17
VisualStudioVersion = 17.7.34202.233
MinimumVisualStudioVersion = 10.0.40219.1
Project("{FAE04EC0-301F-11D3-BF4B-00C04F79EFBC}") = "TraderaPricePOC", "tEST\TraderaPricePOC.csproj", "{24CE605B-2D1B-466D-AC15-AE727C232ED5}"
EndProject
Global
	GlobalSection(SolutionConfigurationPlatforms) = preSolution
		Debug|Any CPU = Debug|Any CPU
		Release|Any CPU = Release|Any CPU
	EndGlobalSection
	GlobalSection(ProjectConfigurationPlatforms) = postSolution
		{24CE605B-2D1B-466D-AC15-AE727C232ED5}.Debug|Any CPU.ActiveCfg = Debug|Any CPU
		{24CE605B-2D1B-466D-AC15-AE727C232ED5}.Debug|Any CPU.Build.0 = Debug|Any CPU
		{24CE605B-2D1B-466D-AC15-AE727C232ED5}.Release|Any CPU.ActiveCfg = Release|Any CPU
		{24CE605B-2D1B-466D-AC15-AE727C232ED5}.Release|Any CPU.Build.0 = Release|Any CPU
	EndGlobalSection
	GlobalSection(SolutionProperties) = preSolution
		HideSolutionNode = FALSE
	EndGlobalSection
	GlobalSection(ExtensibilityGlobals) = postSolution
		SolutionGuid = {20DD06AB-4848-447A-A878-A5B062F82B43}
	EndGlobalSection
EndGlobal
